[[package]]
name = "dependency-injector"
version = "4.39.1"
description = "Dependency injection framework for Python"
category = "main"
optional = false
python-versions = "*"

[package.dependencies]
six = ">=1.7.0,<=1.16.0"

[package.extras]
aiohttp = ["aiohttp"]
flask = ["flask"]
pydantic = ["pydantic"]
yaml = ["pyyaml"]

[[package]]
name = "six"
version = "1.16.0"
description = "Python 2 and 3 compatibility utilities"
category = "main"
optional = false
python-versions = ">=2.7, !=3.0.*, !=3.1.*, !=3.2.*"

[metadata]
lock-version = "1.1"
python-versions = "^3.9"
content-hash = "512ac126254b72318378bc6864a52de8e7cd019ac3de7705aa0a2184bec824e4"

[metadata.files]
dependency-injector = [
    {file = "dependency-injector-4.39.1.tar.gz", hash = "sha256:9ab76dc5e19b2692aaca49e00f9b41a087138d139b0ec985f92ff0498f038772"},
    {file = "dependency_injector-4.39.1-cp310-cp310-macosx_10_9_x86_64.whl", hash = "sha256:c788a3d5482e63b5fd55e14fc258f1ff0b51b411927ab132ef0f689cb5d1183f"},
    {file = "dependency_injector-4.39.1-cp310-cp310-manylinux_2_17_aarch64.manylinux2014_aarch64.whl", hash = "sha256:d0832e0457a360725cd1d1037b77b85478aeeaacc60e85ecceeb8020409e7b62"},
    {file = "dependency_injector-4.39.1-cp310-cp310-manylinux_2_5_i686.manylinux1_i686.manylinux_2_12_i686.manylinux2010_i686.whl", hash = "sha256:d51998fff9704fd01d11c3c48f4e88d8506cb6afa1ee41409a881a5a51dae3fc"},
    {file = "dependency_injector-4.39.1-cp310-cp310-manylinux_2_5_x86_64.manylinux1_x86_64.manylinux_2_12_x86_64.manylinux2010_x86_64.whl", hash = "sha256:ea484cd13fc62966bf5582df0816205feee072d18f228aac75f7807b43f223ae"},
    {file = "dependency_injector-4.39.1-cp310-cp310-win32.whl", hash = "sha256:17389e53ec29ca13570319cf2065dcc4c2f6d36db5dd792bb1e8f2c39a9f146b"},
    {file = "dependency_injector-4.39.1-cp310-cp310-win_amd64.whl", hash = "sha256:55b0988489267c5a580f419133770ffe293057f2064da1c9ad6a2cc69666739b"},
    {file = "dependency_injector-4.39.1-cp36-cp36m-macosx_10_9_x86_64.whl", hash = "sha256:b297c3e79d3633cc56366386ae1f7dbce1587673cca2f559c368c1e936a1fa94"},
    {file = "dependency_injector-4.39.1-cp36-cp36m-manylinux_2_17_aarch64.manylinux2014_aarch64.whl", hash = "sha256:2728827c5abb2420c5811e218262ae1b77a48e76cc9eebc6b4f55fee48a1a18d"},
    {file = "dependency_injector-4.39.1-cp36-cp36m-manylinux_2_5_i686.manylinux1_i686.manylinux_2_12_i686.manylinux2010_i686.whl", hash = "sha256:029e42b064ab8cb5b2559be040ff682c7aa81592f1654a82355475956df17803"},
    {file = "dependency_injector-4.39.1-cp36-cp36m-manylinux_2_5_x86_64.manylinux1_x86_64.manylinux_2_12_x86_64.manylinux2010_x86_64.whl", hash = "sha256:305e3db3f4bf40f64caaa1303e03005174e78d2339d2ae517b34c011ec2300f9"},
    {file = "dependency_injector-4.39.1-cp36-cp36m-win32.whl", hash = "sha256:a661dd23a5e4e2f6bf4a729de7fadbe148c9a4a298dbcadfc5a94584b6930970"},
    {file = "dependency_injector-4.39.1-cp36-cp36m-win_amd64.whl", hash = "sha256:340d6e7af5c4729d20c837d6d1e8a2626c24a05259dff746406cc823e26ba1e7"},
    {file = "dependency_injector-4.39.1-cp37-cp37m-macosx_10_9_x86_64.whl", hash = "sha256:a1553dac1c95f0de1f910b0025ee4570ea078a07d576bcdc2168990e719cea50"},
    {file = "dependency_injector-4.39.1-cp37-cp37m-manylinux_2_17_aarch64.manylinux2014_aarch64.whl", hash = "sha256:9c7baaa64d93359ee08c15d68579cc803e11d9becaf961f5a66b94ff627248e1"},
    {file = "dependency_injector-4.39.1-cp37-cp37m-manylinux_2_5_i686.manylinux1_i686.manylinux_2_12_i686.manylinux2010_i686.whl", hash = "sha256:7a27bf1951a066cf347b886cc7ab0f37dcbd1ad59bffcfe721c8c12a189a150d"},
    {file = "dependency_injector-4.39.1-cp37-cp37m-manylinux_2_5_x86_64.manylinux1_x86_64.manylinux_2_12_x86_64.manylinux2010_x86_64.whl", hash = "sha256:da6e2d685f7d0c65257f08133b68d9bf74ec319b90a0f21b4f629d168ce5f68f"},
    {file = "dependency_injector-4.39.1-cp37-cp37m-win32.whl", hash = "sha256:a8ddd03ca86e67e9d3cc038793d34fbfccab12e6145df813e72bf14f9371f2ea"},
    {file = "dependency_injector-4.39.1-cp37-cp37m-win_amd64.whl", hash = "sha256:e01a319ea05cd86b520201386dcb53a81a5400cb82fcc2f006bd7e92c0c51a0a"},
    {file = "dependency_injector-4.39.1-cp38-cp38-macosx_10_9_x86_64.whl", hash = "sha256:4704804bde25b694aa65201927937a9d82d8bc055cb3dadc68eb05988bd34fa9"},
    {file = "dependency_injector-4.39.1-cp38-cp38-manylinux_2_17_aarch64.manylinux2014_aarch64.whl", hash = "sha256:0935d50b263169e7b0826a2fb6be80d6a4f2a7c59e6dd9876f86da3243bea9eb"},
    {file = "dependency_injector-4.39.1-cp38-cp38-manylinux_2_5_i686.manylinux1_i686.manylinux_2_12_i686.manylinux2010_i686.whl", hash = "sha256:3c34aa5abb1826b6189f47daf6e469d4293c1d01693233da2c1b923816270cc5"},
    {file = "dependency_injector-4.39.1-cp38-cp38-manylinux_2_5_x86_64.manylinux1_x86_64.manylinux_2_12_x86_64.manylinux2010_x86_64.whl", hash = "sha256:db64904c9b9a88756cfece3e3ed078a2b57127642711dd08af342dba8abf9667"},
    {file = "dependency_injector-4.39.1-cp38-cp38-win32.whl", hash = "sha256:66ebe728194adc8720dbc4d662edbbfa55659ff23c9c493fb2dae0bfd4df5734"},
    {file = "dependency_injector-4.39.1-cp38-cp38-win_amd64.whl", hash = "sha256:4349974620f630d6726808e1291ec99713b64d449b84eb01581ee807a5a5c224"},
    {file = "dependency_injector-4.39.1-cp39-cp39-macosx_10_9_x86_64.whl", hash = "sha256:d87cad0899b05cd08931bfb68ddf7be77711a67b0649c37f2045d7808977b082"},
    {file = "dependency_injector-4.39.1-cp39-cp39-manylinux_2_17_aarch64.manylinux2014_aarch64.whl", hash = "sha256:8efd965e5cfdd9f339ec895e73c119569851adedc175088d34a670f5206fea63"},
    {file = "dependency_injector-4.39.1-cp39-cp39-manylinux_2_5_i686.manylinux1_i686.manylinux_2_12_i686.manylinux2010_i686.whl", hash = "sha256:27f69485ca6b85c31d162ee86cf6ef71bb71dce9cd2b5d0745425dfc551eefa1"},
    {file = "dependency_injector-4.39.1-cp39-cp39-manylinux_2_5_x86_64.manylinux1_x86_64.manylinux_2_12_x86_64.manylinux2010_x86_64.whl", hash = "sha256:a25b63de59dff04ec78f5161f00c0222a04a23def5d1f0eda14e389a32baf428"},
    {file = "dependency_injector-4.39.1-cp39-cp39-win32.whl", hash = "sha256:a14274f50d125b4579314c355e22af07def1a96641ca94bd75edcf1400b89477"},
    {file = "dependency_injector-4.39.1-cp39-cp39-win_amd64.whl", hash = "sha256:9950039d00625f9252cd26378a4406342b256886bb61e4db8b65e9f01270f53e"},
    {file = "dependency_injector-4.39.1-pp37-pypy37_pp73-macosx_10_9_x86_64.whl", hash = "sha256:6d7f39cd54678741e132e13da3a1367ac18058cbda61fe39d61c8583aa6fd757"},
    {file = "dependency_injector-4.39.1-pp37-pypy37_pp73-manylinux_2_17_aarch64.manylinux2014_aarch64.whl", hash = "sha256:e2368c7ba3c9ffaf816ea0f2d14c78d481491b805f62ac8496a78a51397d4689"},
    {file = "dependency_injector-4.39.1-pp37-pypy37_pp73-manylinux_2_5_i686.manylinux1_i686.manylinux_2_12_i686.manylinux2010_i686.whl", hash = "sha256:84e32407bb16c58aa0d4b5ed8485537bc66ccc14cfffae7022f1204e35ec939a"},
    {file = "dependency_injector-4.39.1-pp37-pypy37_pp73-manylinux_2_5_x86_64.manylinux1_x86_64.manylinux_2_12_x86_64.manylinux2010_x86_64.whl", hash = "sha256:f2d80a42c546e1f934d427b071630d86653cd4a60c74b570c4ffb03025c1f1f9"},
    {file = "dependency_injector-4.39.1-pp37-pypy37_pp73-win_amd64.whl", hash = "sha256:ca126bbed370b8c002c859ebeb76f6d83eba2d7fb5d66f37f47cfc19661d2889"},
]
six = [
    {file = "six-1.16.0-py2.py3-none-any.whl", hash = "sha256:8abb2f1d86890a2dfb989f9a77cfcfd3e47c2a354b01111771326f8aa26e0254"},
    {file = "six-1.16.0.tar.gz", hash = "sha256:1e61c37477a1626458e36f7b1d82aa5c9b094fa4802892072e49de9c60c4c926"},
]
